{
    "_meta": {
        "hash": {
            "sha256": "3fc34f3da2572e34eb712d66091f8d6b9f36a0df7ea4bb80a65fd7a3373fa37f"
        },
        "pipfile-spec": 6,
        "requires": {
            "python_version": "3.6"
        },
        "sources": [
            {
                "name": "pypi",
                "url": "https://pypi.org/simple",
                "verify_ssl": true
            }
        ]
    },
    "default": {
        "fonttools": {
            "hashes": [
                "sha256:aab38c8c131670684321437d4857dcb4de1c775efd152a9ca9c4d81f1cb97fe7",
                "sha256:ba48e21d9a56e3bb68fbdbb64250cffcbf4d97cfb3044806a3571d17068726c6"
            ],
            "index": "pypi",
            "version": "==3.29.0"
        }
    },
    "develop": {}
}
